
Microsoft Visual Studio Solution File, Format Version 12.00
# Visual Studio Version 17
VisualStudioVersion = 17.10.34928.147
MinimumVisualStudioVersion = 10.0.40219.1
Project("{9A19103F-16F7-4668-BE54-9A1E7A4F7556}") = "Bulky", "BulkyWeb\Bulky.csproj", "{3A80D658-2BC2-4A11-9D68-12A1CC9BCD86}"
EndProject
Global
	GlobalSection(SolutionConfigurationPlatforms) = preSolution
		Debug|Any CPU = Debug|Any CPU
		Release|Any CPU = Release|Any CPU
	EndGlobalSection
	GlobalSection(ProjectConfigurationPlatforms) = postSolution
		{3A80D658-2BC2-4A11-9D68-12A1CC9BCD86}.Debug|Any CPU.ActiveCfg = Debug|Any CPU
		{3A80D658-2BC2-4A11-9D68-12A1CC9BCD86}.Debug|Any CPU.Build.0 = Debug|Any CPU
		{3A80D658-2BC2-4A11-9D68-12A1CC9BCD86}.Release|Any CPU.ActiveCfg = Release|Any CPU
		{3A80D658-2BC2-4A11-9D68-12A1CC9BCD86}.Release|Any CPU.Build.0 = Release|Any CPU
	EndGlobalSection
	GlobalSection(SolutionProperties) = preSolution
		HideSolutionNode = FALSE
	EndGlobalSection
	GlobalSection(ExtensibilityGlobals) = postSolution
		SolutionGuid = {F26DC0BB-EA57-4544-B162-E430718E602D}
	EndGlobalSection
EndGlobal
